
Microsoft Visual Studio Solution File, Format Version 12.00
# Visual Studio 2013
VisualStudioVersion = 12.0.21005.1
MinimumVisualStudioVersion = 10.0.40219.1
Project("{FAE04EC0-301F-11D3-BF4B-00C04F79EFBC}") = "LearningPJ.Main", "LearningPJ.Main.csproj", "{F24F1B44-0FE5-4A18-A72A-5A62ED28FE6A}"
EndProject
Project("{FAE04EC0-301F-11D3-BF4B-00C04F79EFBC}") = "LearningPJ.MVC", "..\LearningPJ.MVC\LearningPJ.MVC.csproj", "{29414A93-BF75-489D-ACED-83DAE8CB84BB}"
EndProject
Project("{FAE04EC0-301F-11D3-BF4B-00C04F79EFBC}") = "LearningPJ.MVC.Tests", "LearningPJ.MVC.Tests\LearningPJ.MVC.Tests.csproj", "{53AE2EF7-03EC-48C8-A61F-F578E19849A5}"
EndProject
Global
	GlobalSection(SolutionConfigurationPlatforms) = preSolution
		Debug|Any CPU = Debug|Any CPU
		Release|Any CPU = Release|Any CPU
	EndGlobalSection
	GlobalSection(ProjectConfigurationPlatforms) = postSolution
		{F24F1B44-0FE5-4A18-A72A-5A62ED28FE6A}.Debug|Any CPU.ActiveCfg = Debug|Any CPU
		{F24F1B44-0FE5-4A18-A72A-5A62ED28FE6A}.Debug|Any CPU.Build.0 = Debug|Any CPU
		{F24F1B44-0FE5-4A18-A72A-5A62ED28FE6A}.Release|Any CPU.ActiveCfg = Release|Any CPU
		{F24F1B44-0FE5-4A18-A72A-5A62ED28FE6A}.Release|Any CPU.Build.0 = Release|Any CPU
		{29414A93-BF75-489D-ACED-83DAE8CB84BB}.Debug|Any CPU.ActiveCfg = Debug|Any CPU
		{29414A93-BF75-489D-ACED-83DAE8CB84BB}.Debug|Any CPU.Build.0 = Debug|Any CPU
		{29414A93-BF75-489D-ACED-83DAE8CB84BB}.Release|Any CPU.ActiveCfg = Release|Any CPU
		{29414A93-BF75-489D-ACED-83DAE8CB84BB}.Release|Any CPU.Build.0 = Release|Any CPU
		{53AE2EF7-03EC-48C8-A61F-F578E19849A5}.Debug|Any CPU.ActiveCfg = Debug|Any CPU
		{53AE2EF7-03EC-48C8-A61F-F578E19849A5}.Debug|Any CPU.Build.0 = Debug|Any CPU
		{53AE2EF7-03EC-48C8-A61F-F578E19849A5}.Release|Any CPU.ActiveCfg = Release|Any CPU
		{53AE2EF7-03EC-48C8-A61F-F578E19849A5}.Release|Any CPU.Build.0 = Release|Any CPU
	EndGlobalSection
	GlobalSection(SolutionProperties) = preSolution
		HideSolutionNode = FALSE
	EndGlobalSection
EndGlobal
